
Microsoft Visual Studio Solution File, Format Version 12.00
# Visual Studio Version 17
VisualStudioVersion = 17.4.33122.133
MinimumVisualStudioVersion = 10.0.40219.1
Project("{FAE04EC0-301F-11D3-BF4B-00C04F79EFBC}") = "sinema_büfe_satış_uygulaması", "sinema_büfe_satış_uygulaması\sinema_büfe_satış_uygulaması.csproj", "{CBBC4FFA-95ED-469F-8B86-310516BFDC87}"
EndProject
Global
	GlobalSection(SolutionConfigurationPlatforms) = preSolution
		Debug|Any CPU = Debug|Any CPU
		Release|Any CPU = Release|Any CPU
	EndGlobalSection
	GlobalSection(ProjectConfigurationPlatforms) = postSolution
		{CBBC4FFA-95ED-469F-8B86-310516BFDC87}.Debug|Any CPU.ActiveCfg = Debug|Any CPU
		{CBBC4FFA-95ED-469F-8B86-310516BFDC87}.Debug|Any CPU.Build.0 = Debug|Any CPU
		{CBBC4FFA-95ED-469F-8B86-310516BFDC87}.Release|Any CPU.ActiveCfg = Release|Any CPU
		{CBBC4FFA-95ED-469F-8B86-310516BFDC87}.Release|Any CPU.Build.0 = Release|Any CPU
	EndGlobalSection
	GlobalSection(SolutionProperties) = preSolution
		HideSolutionNode = FALSE
	EndGlobalSection
	GlobalSection(ExtensibilityGlobals) = postSolution
		SolutionGuid = {56C7A080-0BBF-48CC-9BFA-7E9B4200E1D6}
	EndGlobalSection
EndGlobal
